
Microsoft Visual Studio Solution File, Format Version 12.00
# Visual Studio Version 17
VisualStudioVersion = 17.3.32804.467
MinimumVisualStudioVersion = 10.0.40219.1
Project("{FAE04EC0-301F-11D3-BF4B-00C04F79EFBC}") = "WinFormsApp2", "WinFormsApp2\WinFormsApp2.csproj", "{4F7DA40C-62FE-46F5-B851-A42A9908460F}"
EndProject
Global
	GlobalSection(SolutionConfigurationPlatforms) = preSolution
		Debug|Any CPU = Debug|Any CPU
		Release|Any CPU = Release|Any CPU
	EndGlobalSection
	GlobalSection(ProjectConfigurationPlatforms) = postSolution
		{4F7DA40C-62FE-46F5-B851-A42A9908460F}.Debug|Any CPU.ActiveCfg = Debug|Any CPU
		{4F7DA40C-62FE-46F5-B851-A42A9908460F}.Debug|Any CPU.Build.0 = Debug|Any CPU
		{4F7DA40C-62FE-46F5-B851-A42A9908460F}.Release|Any CPU.ActiveCfg = Release|Any CPU
		{4F7DA40C-62FE-46F5-B851-A42A9908460F}.Release|Any CPU.Build.0 = Release|Any CPU
	EndGlobalSection
	GlobalSection(SolutionProperties) = preSolution
		HideSolutionNode = FALSE
	EndGlobalSection
	GlobalSection(ExtensibilityGlobals) = postSolution
		SolutionGuid = {BCEDF5E7-430C-4CD5-B0A0-A4DD5FB62153}
	EndGlobalSection
EndGlobal
